Microsoft Visual Studio Solution File, Format Version 12.00
# Visual Studio Version 17
VisualStudioVersion = 17.1.32113.165
MinimumVisualStudioVersion = 10.0.40219.1
Project("{9A19103F-16F7-4668-BE54-9A1E7A4F7556}") = "IIOTS.Util", "IIOTS.Util\IIOTS.Util.csproj", "{8E2CB701-DA84-45A5-A853-4588C5A14E6C}"
EndProject
Project("{2150E333-8FDC-42A3-9474-1A3956D46DE8}") = "IIOTS.Drivers", "IIOTS.Drivers", "{BDEF29B3-D5C6-4889-8CEE-B1AB635E3A77}"
EndProject
Project("{9A19103F-16F7-4668-BE54-9A1E7A4F7556}") = "IIOTS.Driver", "IIOTS.Drivers\IIOTS.Driver\IIOTS.Driver.csproj", "{F64194E6-5CB9-4784-A586-EA75A4953D6A}"
EndProject
Project("{9A19103F-16F7-4668-BE54-9A1E7A4F7556}") = "IIOTS.Driver.Fins", "IIOTS.Drivers\IIOTS.Driver.Fins\IIOTS.Driver.Fins.csproj", "{BC86EAC0-98BA-479D-BBCC-2D954E2B3934}"
EndProject
Project("{9A19103F-16F7-4668-BE54-9A1E7A4F7556}") = "IIOTS.Driver.MC3E", "IIOTS.Drivers\IIOTS.Driver.MC3E\IIOTS.Driver.MC3E.csproj", "{017E3D4F-0407-4DD8-B5F8-7C9043E90218}"
EndProject
Project("{9A19103F-16F7-4668-BE54-9A1E7A4F7556}") = "IIOTS.Driver.ModbusRtu", "IIOTS.Drivers\IIOTS.Driver.ModbusRtu\IIOTS.Driver.ModbusRtu.csproj", "{A4193DC0-1DBC-4E8A-ABC9-88046580BA1B}"
EndProject
Project("{9A19103F-16F7-4668-BE54-9A1E7A4F7556}") = "IIOTS.Driver.OPCUA", "IIOTS.Drivers\IIOTS.Driver.OPCUA\IIOTS.Driver.OPCUA.csproj", "{A792396E-8981-4AD3-BD2D-D76BC2F328D8}"
EndProject
Project("{9A19103F-16F7-4668-BE54-9A1E7A4F7556}") = "IIOTS.Driver.ModbusTcp", "IIOTS.Drivers\IIOTS.Driver.ModbusTcp\IIOTS.Driver.ModbusTcp.csproj", "{F21F146D-8AC0-49CF-88DF-9F4B4557228C}"
EndProject
Project("{9A19103F-16F7-4668-BE54-9A1E7A4F7556}") = "IIOTS.Models", "IIOTS.Models\IIOTS.Models.csproj", "{7C0896B6-5687-4DB2-9725-E1C157300672}"
EndProject
Project("{9A19103F-16F7-4668-BE54-9A1E7A4F7556}") = "IIOTS.Enums", "IIOTS.Enums\IIOTS.Enums.csproj", "{CF5E50F6-F7BC-4036-9CB8-6D8B9502C2EE}"
EndProject
Project("{9A19103F-16F7-4668-BE54-9A1E7A4F7556}") = "IIOTS.Interface", "IIOTS.Interface\IIOTS.Interface.csproj", "{6828E033-D0D8-48D8-BC53-0837133DC7CE}"
EndProject
Project("{9A19103F-16F7-4668-BE54-9A1E7A4F7556}") = "IIOTS.Communication", "IIOTS.Communication\IIOTS.Communication.csproj", "{2DF766D8-AAB7-4D62-AFBD-C5E1487FF600}"
EndProject
Project("{9A19103F-16F7-4668-BE54-9A1E7A4F7556}") = "IIOTS.CommUtil", "IIOTS.CommUtil\IIOTS.CommUtil.csproj", "{014030F1-C6C7-4699-AE0D-54E0D03E387F}"
EndProject
Project("{2150E333-8FDC-42A3-9474-1A3956D46DE8}") = "IIOTS.EdgeServer", "IIOTS.EdgeServer", "{C5BC6720-4CA2-4457-834A-F2999E6D2DA4}"
EndProject
Project("{9A19103F-16F7-4668-BE54-9A1E7A4F7556}") = "IIOTS.EdgeCore", "IIOTS.EdgeServer\IIOTS.EdgeCore\IIOTS.EdgeCore.csproj", "{8A5D84FD-4A39-4AE1-8F75-43B655D94686}"
EndProject
Project("{9A19103F-16F7-4668-BE54-9A1E7A4F7556}") = "IIOTS.EdgeDriver", "IIOTS.EdgeServer\IIOTS.EdgeDriver\IIOTS.EdgeDriver.csproj", "{52062EF4-4960-4F30-A09F-C310DC02DD8F}"
EndProject
Project("{9A19103F-16F7-4668-BE54-9A1E7A4F7556}") = "IIOTS.WebRMS", "IIOTS.WebRMS\IIOTS.WebRMS.csproj", "{CFE14053-8E2E-49BD-B7F8-12F35EEF7934}"
EndProject
Project("{9A19103F-16F7-4668-BE54-9A1E7A4F7556}") = "IIOTS.Driver.S7", "IIOTS.Drivers\IIOTS.Drivers.S7\IIOTS.Driver.S7.csproj", "{CDF25CE1-39D6-46DB-BB07-1AF4451FE22F}"
EndProject
Project("{9A19103F-16F7-4668-BE54-9A1E7A4F7556}") = "IIOTS.Test", "IIOTS.Test\IIOTS.Test.csproj", "{BA70D476-044D-4C7A-BCA1-8BAC7270F3A5}"
EndProject
Project("{FAE04EC0-301F-11D3-BF4B-00C04F79EFBC}") = "IIOTS.Driver.XINJIE", "IIOTS.Drivers\IIOTS.Driver.XINJIE\IIOTS.Driver.XINJIE.csproj", "{8C1385FA-DAFC-427A-81A1-0DA350A29D82}"
EndProject
Global
	GlobalSection(SolutionConfigurationPlatforms) = preSolution
		Debug|Any CPU = Debug|Any CPU
		Debug|x86 = Debug|x86
		Release|Any CPU = Release|Any CPU
		Release|x86 = Release|x86
	EndGlobalSection
	GlobalSection(ProjectConfigurationPlatforms) = postSolution
		{8E2CB701-DA84-45A5-A853-4588C5A14E6C}.Debug|Any CPU.ActiveCfg = Debug|Any CPU
		{8E2CB701-DA84-45A5-A853-4588C5A14E6C}.Debug|Any CPU.Build.0 = Debug|Any CPU
		{8E2CB701-DA84-45A5-A853-4588C5A14E6C}.Debug|x86.ActiveCfg = Debug|x86
		{8E2CB701-DA84-45A5-A853-4588C5A14E6C}.Debug|x86.Build.0 = Debug|x86
		{8E2CB701-DA84-45A5-A853-4588C5A14E6C}.Release|Any CPU.ActiveCfg = Release|Any CPU
		{8E2CB701-DA84-45A5-A853-4588C5A14E6C}.Release|Any CPU.Build.0 = Release|Any CPU
		{8E2CB701-DA84-45A5-A853-4588C5A14E6C}.Release|x86.ActiveCfg = Release|x86
		{8E2CB701-DA84-45A5-A853-4588C5A14E6C}.Release|x86.Build.0 = Release|x86
		{F64194E6-5CB9-4784-A586-EA75A4953D6A}.Debug|Any CPU.ActiveCfg = Debug|Any CPU
		{F64194E6-5CB9-4784-A586-EA75A4953D6A}.Debug|Any CPU.Build.0 = Debug|Any CPU
		{F64194E6-5CB9-4784-A586-EA75A4953D6A}.Debug|x86.ActiveCfg = Debug|x86
		{F64194E6-5CB9-4784-A586-EA75A4953D6A}.Debug|x86.Build.0 = Debug|x86
		{F64194E6-5CB9-4784-A586-EA75A4953D6A}.Release|Any CPU.ActiveCfg = Release|Any CPU
		{F64194E6-5CB9-4784-A586-EA75A4953D6A}.Release|Any CPU.Build.0 = Release|Any CPU
		{F64194E6-5CB9-4784-A586-EA75A4953D6A}.Release|x86.ActiveCfg = Release|x86
		{F64194E6-5CB9-4784-A586-EA75A4953D6A}.Release|x86.Build.0 = Release|x86
		{BC86EAC0-98BA-479D-BBCC-2D954E2B3934}.Debug|Any CPU.ActiveCfg = Debug|Any CPU
		{BC86EAC0-98BA-479D-BBCC-2D954E2B3934}.Debug|Any CPU.Build.0 = Debug|Any CPU
		{BC86EAC0-98BA-479D-BBCC-2D954E2B3934}.Debug|x86.ActiveCfg = Debug|x86
		{BC86EAC0-98BA-479D-BBCC-2D954E2B3934}.Debug|x86.Build.0 = Debug|x86
		{BC86EAC0-98BA-479D-BBCC-2D954E2B3934}.Release|Any CPU.ActiveCfg = Release|Any CPU
		{BC86EAC0-98BA-479D-BBCC-2D954E2B3934}.Release|Any CPU.Build.0 = Release|Any CPU
		{BC86EAC0-98BA-479D-BBCC-2D954E2B3934}.Release|x86.ActiveCfg = Release|x86
		{BC86EAC0-98BA-479D-BBCC-2D954E2B3934}.Release|x86.Build.0 = Release|x86
		{017E3D4F-0407-4DD8-B5F8-7C9043E90218}.Debug|Any CPU.ActiveCfg = Debug|Any CPU
		{017E3D4F-0407-4DD8-B5F8-7C9043E90218}.Debug|Any CPU.Build.0 = Debug|Any CPU
		{017E3D4F-0407-4DD8-B5F8-7C9043E90218}.Debug|x86.ActiveCfg = Debug|x86
		{017E3D4F-0407-4DD8-B5F8-7C9043E90218}.Debug|x86.Build.0 = Debug|x86
		{017E3D4F-0407-4DD8-B5F8-7C9043E90218}.Release|Any CPU.ActiveCfg = Release|Any CPU
		{017E3D4F-0407-4DD8-B5F8-7C9043E90218}.Release|Any CPU.Build.0 = Release|Any CPU
		{017E3D4F-0407-4DD8-B5F8-7C9043E90218}.Release|x86.ActiveCfg = Release|x86
		{017E3D4F-0407-4DD8-B5F8-7C9043E90218}.Release|x86.Build.0 = Release|x86
		{A4193DC0-1DBC-4E8A-ABC9-88046580BA1B}.Debug|Any CPU.ActiveCfg = Debug|Any CPU
		{A4193DC0-1DBC-4E8A-ABC9-88046580BA1B}.Debug|Any CPU.Build.0 = Debug|Any CPU
		{A4193DC0-1DBC-4E8A-ABC9-88046580BA1B}.Debug|x86.ActiveCfg = Debug|x86
		{A4193DC0-1DBC-4E8A-ABC9-88046580BA1B}.Debug|x86.Build.0 = Debug|x86
		{A4193DC0-1DBC-4E8A-ABC9-88046580BA1B}.Release|Any CPU.ActiveCfg = Release|Any CPU
		{A4193DC0-1DBC-4E8A-ABC9-88046580BA1B}.Release|Any CPU.Build.0 = Release|Any CPU
		{A4193DC0-1DBC-4E8A-ABC9-88046580BA1B}.Release|x86.ActiveCfg = Release|x86
		{A4193DC0-1DBC-4E8A-ABC9-88046580BA1B}.Release|x86.Build.0 = Release|x86
		{A792396E-8981-4AD3-BD2D-D76BC2F328D8}.Debug|Any CPU.ActiveCfg = Debug|Any CPU
		{A792396E-8981-4AD3-BD2D-D76BC2F328D8}.Debug|Any CPU.Build.0 = Debug|Any CPU
		{A792396E-8981-4AD3-BD2D-D76BC2F328D8}.Debug|x86.ActiveCfg = Debug|Any CPU
		{A792396E-8981-4AD3-BD2D-D76BC2F328D8}.Debug|x86.Build.0 = Debug|Any CPU
		{A792396E-8981-4AD3-BD2D-D76BC2F328D8}.Release|Any CPU.ActiveCfg = Release|Any CPU
		{A792396E-8981-4AD3-BD2D-D76BC2F328D8}.Release|Any CPU.Build.0 = Release|Any CPU
		{A792396E-8981-4AD3-BD2D-D76BC2F328D8}.Release|x86.ActiveCfg = Release|Any CPU
		{A792396E-8981-4AD3-BD2D-D76BC2F328D8}.Release|x86.Build.0 = Release|Any CPU
		{F21F146D-8AC0-49CF-88DF-9F4B4557228C}.Debug|Any CPU.ActiveCfg = Debug|Any CPU
		{F21F146D-8AC0-49CF-88DF-9F4B4557228C}.Debug|Any CPU.Build.0 = Debug|Any CPU
		{F21F146D-8AC0-49CF-88DF-9F4B4557228C}.Debug|x86.ActiveCfg = Debug|x86
		{F21F146D-8AC0-49CF-88DF-9F4B4557228C}.Debug|x86.Build.0 = Debug|x86
		{F21F146D-8AC0-49CF-88DF-9F4B4557228C}.Release|Any CPU.ActiveCfg = Release|Any CPU
		{F21F146D-8AC0-49CF-88DF-9F4B4557228C}.Release|Any CPU.Build.0 = Release|Any CPU
		{F21F146D-8AC0-49CF-88DF-9F4B4557228C}.Release|x86.ActiveCfg = Release|x86
		{F21F146D-8AC0-49CF-88DF-9F4B4557228C}.Release|x86.Build.0 = Release|x86
		{7C0896B6-5687-4DB2-9725-E1C157300672}.Debug|Any CPU.ActiveCfg = Debug|Any CPU
		{7C0896B6-5687-4DB2-9725-E1C157300672}.Debug|Any CPU.Build.0 = Debug|Any CPU
		{7C0896B6-5687-4DB2-9725-E1C157300672}.Debug|x86.ActiveCfg = Debug|Any CPU
		{7C0896B6-5687-4DB2-9725-E1C157300672}.Debug|x86.Build.0 = Debug|Any CPU
		{7C0896B6-5687-4DB2-9725-E1C157300672}.Release|Any CPU.ActiveCfg = Release|Any CPU
		{7C0896B6-5687-4DB2-9725-E1C157300672}.Release|Any CPU.Build.0 = Release|Any CPU
		{7C0896B6-5687-4DB2-9725-E1C157300672}.Release|x86.ActiveCfg = Release|Any CPU
		{7C0896B6-5687-4DB2-9725-E1C157300672}.Release|x86.Build.0 = Release|Any CPU
		{CF5E50F6-F7BC-4036-9CB8-6D8B9502C2EE}.Debug|Any CPU.ActiveCfg = Debug|Any CPU
		{CF5E50F6-F7BC-4036-9CB8-6D8B9502C2EE}.Debug|Any CPU.Build.0 = Debug|Any CPU
		{CF5E50F6-F7BC-4036-9CB8-6D8B9502C2EE}.Debug|x86.ActiveCfg = Debug|Any CPU
		{CF5E50F6-F7BC-4036-9CB8-6D8B9502C2EE}.Debug|x86.Build.0 = Debug|Any CPU
		{CF5E50F6-F7BC-4036-9CB8-6D8B9502C2EE}.Release|Any CPU.ActiveCfg = Release|Any CPU
		{CF5E50F6-F7BC-4036-9CB8-6D8B9502C2EE}.Release|Any CPU.Build.0 = Release|Any CPU
		{CF5E50F6-F7BC-4036-9CB8-6D8B9502C2EE}.Release|x86.ActiveCfg = Release|Any CPU
		{CF5E50F6-F7BC-4036-9CB8-6D8B9502C2EE}.Release|x86.Build.0 = Release|Any CPU
		{6828E033-D0D8-48D8-BC53-0837133DC7CE}.Debug|Any CPU.ActiveCfg = Debug|Any CPU
		{6828E033-D0D8-48D8-BC53-0837133DC7CE}.Debug|Any CPU.Build.0 = Debug|Any CPU
		{6828E033-D0D8-48D8-BC53-0837133DC7CE}.Debug|x86.ActiveCfg = Debug|Any CPU
		{6828E033-D0D8-48D8-BC53-0837133DC7CE}.Debug|x86.Build.0 = Debug|Any CPU
		{6828E033-D0D8-48D8-BC53-0837133DC7CE}.Release|Any CPU.ActiveCfg = Release|Any CPU
		{6828E033-D0D8-48D8-BC53-0837133DC7CE}.Release|Any CPU.Build.0 = Release|Any CPU
		{6828E033-D0D8-48D8-BC53-0837133DC7CE}.Release|x86.ActiveCfg = Release|Any CPU
		{6828E033-D0D8-48D8-BC53-0837133DC7CE}.Release|x86.Build.0 = Release|Any CPU
		{2DF766D8-AAB7-4D62-AFBD-C5E1487FF600}.Debug|Any CPU.ActiveCfg = Debug|Any CPU
		{2DF766D8-AAB7-4D62-AFBD-C5E1487FF600}.Debug|Any CPU.Build.0 = Debug|Any CPU
		{2DF766D8-AAB7-4D62-AFBD-C5E1487FF600}.Debug|x86.ActiveCfg = Debug|Any CPU
		{2DF766D8-AAB7-4D62-AFBD-C5E1487FF600}.Debug|x86.Build.0 = Debug|Any CPU
		{2DF766D8-AAB7-4D62-AFBD-C5E1487FF600}.Release|Any CPU.ActiveCfg = Release|Any CPU
		{2DF766D8-AAB7-4D62-AFBD-C5E1487FF600}.Release|Any CPU.Build.0 = Release|Any CPU
		{2DF766D8-AAB7-4D62-AFBD-C5E1487FF600}.Release|x86.ActiveCfg = Release|Any CPU
		{2DF766D8-AAB7-4D62-AFBD-C5E1487FF600}.Release|x86.Build.0 = Release|Any CPU
		{014030F1-C6C7-4699-AE0D-54E0D03E387F}.Debug|Any CPU.ActiveCfg = Debug|Any CPU
		{014030F1-C6C7-4699-AE0D-54E0D03E387F}.Debug|Any CPU.Build.0 = Debug|Any CPU
		{014030F1-C6C7-4699-AE0D-54E0D03E387F}.Debug|x86.ActiveCfg = Debug|Any CPU
		{014030F1-C6C7-4699-AE0D-54E0D03E387F}.Debug|x86.Build.0 = Debug|Any CPU
		{014030F1-C6C7-4699-AE0D-54E0D03E387F}.Release|Any CPU.ActiveCfg = Release|Any CPU
		{014030F1-C6C7-4699-AE0D-54E0D03E387F}.Release|Any CPU.Build.0 = Release|Any CPU
		{014030F1-C6C7-4699-AE0D-54E0D03E387F}.Release|x86.ActiveCfg = Release|Any CPU
		{014030F1-C6C7-4699-AE0D-54E0D03E387F}.Release|x86.Build.0 = Release|Any CPU
		{8A5D84FD-4A39-4AE1-8F75-43B655D94686}.Debug|Any CPU.ActiveCfg = Debug|Any CPU
		{8A5D84FD-4A39-4AE1-8F75-43B655D94686}.Debug|Any CPU.Build.0 = Debug|Any CPU
		{8A5D84FD-4A39-4AE1-8F75-43B655D94686}.Debug|x86.ActiveCfg = Debug|Any CPU
		{8A5D84FD-4A39-4AE1-8F75-43B655D94686}.Debug|x86.Build.0 = Debug|Any CPU
		{8A5D84FD-4A39-4AE1-8F75-43B655D94686}.Release|Any CPU.ActiveCfg = Release|Any CPU
		{8A5D84FD-4A39-4AE1-8F75-43B655D94686}.Release|Any CPU.Build.0 = Release|Any CPU
		{8A5D84FD-4A39-4AE1-8F75-43B655D94686}.Release|x86.ActiveCfg = Release|Any CPU
		{8A5D84FD-4A39-4AE1-8F75-43B655D94686}.Release|x86.Build.0 = Release|Any CPU
		{52062EF4-4960-4F30-A09F-C310DC02DD8F}.Debug|Any CPU.ActiveCfg = Debug|Any CPU
		{52062EF4-4960-4F30-A09F-C310DC02DD8F}.Debug|Any CPU.Build.0 = Debug|Any CPU
		{52062EF4-4960-4F30-A09F-C310DC02DD8F}.Debug|x86.ActiveCfg = Debug|Any CPU
		{52062EF4-4960-4F30-A09F-C310DC02DD8F}.Debug|x86.Build.0 = Debug|Any CPU
		{52062EF4-4960-4F30-A09F-C310DC02DD8F}.Release|Any CPU.ActiveCfg = Release|Any CPU
		{52062EF4-4960-4F30-A09F-C310DC02DD8F}.Release|Any CPU.Build.0 = Release|Any CPU
		{52062EF4-4960-4F30-A09F-C310DC02DD8F}.Release|x86.ActiveCfg = Release|Any CPU
		{52062EF4-4960-4F30-A09F-C310DC02DD8F}.Release|x86.Build.0 = Release|Any CPU
		{CFE14053-8E2E-49BD-B7F8-12F35EEF7934}.Debug|Any CPU.ActiveCfg = Debug|Any CPU
		{CFE14053-8E2E-49BD-B7F8-12F35EEF7934}.Debug|Any CPU.Build.0 = Debug|Any CPU
		{CFE14053-8E2E-49BD-B7F8-12F35EEF7934}.Debug|x86.ActiveCfg = Debug|Any CPU
		{CFE14053-8E2E-49BD-B7F8-12F35EEF7934}.Debug|x86.Build.0 = Debug|Any CPU
		{CFE14053-8E2E-49BD-B7F8-12F35EEF7934}.Release|Any CPU.ActiveCfg = Release|Any CPU
		{CFE14053-8E2E-49BD-B7F8-12F35EEF7934}.Release|Any CPU.Build.0 = Release|Any CPU
		{CFE14053-8E2E-49BD-B7F8-12F35EEF7934}.Release|x86.ActiveCfg = Release|Any CPU
		{CFE14053-8E2E-49BD-B7F8-12F35EEF7934}.Release|x86.Build.0 = Release|Any CPU
		{CDF25CE1-39D6-46DB-BB07-1AF4451FE22F}.Debug|Any CPU.ActiveCfg = Debug|Any CPU
		{CDF25CE1-39D6-46DB-BB07-1AF4451FE22F}.Debug|Any CPU.Build.0 = Debug|Any CPU
		{CDF25CE1-39D6-46DB-BB07-1AF4451FE22F}.Debug|x86.ActiveCfg = Debug|Any CPU
		{CDF25CE1-39D6-46DB-BB07-1AF4451FE22F}.Debug|x86.Build.0 = Debug|Any CPU
		{CDF25CE1-39D6-46DB-BB07-1AF4451FE22F}.Release|Any CPU.ActiveCfg = Release|Any CPU
		{CDF25CE1-39D6-46DB-BB07-1AF4451FE22F}.Release|Any CPU.Build.0 = Release|Any CPU
		{CDF25CE1-39D6-46DB-BB07-1AF4451FE22F}.Release|x86.ActiveCfg = Release|Any CPU
		{CDF25CE1-39D6-46DB-BB07-1AF4451FE22F}.Release|x86.Build.0 = Release|Any CPU
		{BA70D476-044D-4C7A-BCA1-8BAC7270F3A5}.Debug|Any CPU.ActiveCfg = Debug|Any CPU
		{BA70D476-044D-4C7A-BCA1-8BAC7270F3A5}.Debug|Any CPU.Build.0 = Debug|Any CPU
		{BA70D476-044D-4C7A-BCA1-8BAC7270F3A5}.Debug|x86.ActiveCfg = Debug|x86
		{BA70D476-044D-4C7A-BCA1-8BAC7270F3A5}.Debug|x86.Build.0 = Debug|x86
		{BA70D476-044D-4C7A-BCA1-8BAC7270F3A5}.Release|Any CPU.ActiveCfg = Release|Any CPU
		{BA70D476-044D-4C7A-BCA1-8BAC7270F3A5}.Release|Any CPU.Build.0 = Release|Any CPU
		{BA70D476-044D-4C7A-BCA1-8BAC7270F3A5}.Release|x86.ActiveCfg = Release|x86
		{BA70D476-044D-4C7A-BCA1-8BAC7270F3A5}.Release|x86.Build.0 = Release|x86
		{8C1385FA-DAFC-427A-81A1-0DA350A29D82}.Debug|Any CPU.ActiveCfg = Debug|Any CPU
		{8C1385FA-DAFC-427A-81A1-0DA350A29D82}.Debug|Any CPU.Build.0 = Debug|Any CPU
		{8C1385FA-DAFC-427A-81A1-0DA350A29D82}.Debug|x86.ActiveCfg = Debug|Any CPU
		{8C1385FA-DAFC-427A-81A1-0DA350A29D82}.Debug|x86.Build.0 = Debug|Any CPU
		{8C1385FA-DAFC-427A-81A1-0DA350A29D82}.Release|Any CPU.ActiveCfg = Release|Any CPU
		{8C1385FA-DAFC-427A-81A1-0DA350A29D82}.Release|Any CPU.Build.0 = Release|Any CPU
		{8C1385FA-DAFC-427A-81A1-0DA350A29D82}.Release|x86.ActiveCfg = Release|Any CPU
		{8C1385FA-DAFC-427A-81A1-0DA350A29D82}.Release|x86.Build.0 = Release|Any CPU
	EndGlobalSection
	GlobalSection(SolutionProperties) = preSolution
		HideSolutionNode = FALSE
	EndGlobalSection
	GlobalSection(NestedProjects) = preSolution
		{F64194E6-5CB9-4784-A586-EA75A4953D6A} = {BDEF29B3-D5C6-4889-8CEE-B1AB635E3A77}
		{BC86EAC0-98BA-479D-BBCC-2D954E2B3934} = {BDEF29B3-D5C6-4889-8CEE-B1AB635E3A77}
		{017E3D4F-0407-4DD8-B5F8-7C9043E90218} = {BDEF29B3-D5C6-4889-8CEE-B1AB635E3A77}
		{A4193DC0-1DBC-4E8A-ABC9-88046580BA1B} = {BDEF29B3-D5C6-4889-8CEE-B1AB635E3A77}
		{A792396E-8981-4AD3-BD2D-D76BC2F328D8} = {BDEF29B3-D5C6-4889-8CEE-B1AB635E3A77}
		{F21F146D-8AC0-49CF-88DF-9F4B4557228C} = {BDEF29B3-D5C6-4889-8CEE-B1AB635E3A77}
		{8A5D84FD-4A39-4AE1-8F75-43B655D94686} = {C5BC6720-4CA2-4457-834A-F2999E6D2DA4}
		{52062EF4-4960-4F30-A09F-C310DC02DD8F} = {C5BC6720-4CA2-4457-834A-F2999E6D2DA4}
		{CDF25CE1-39D6-46DB-BB07-1AF4451FE22F} = {BDEF29B3-D5C6-4889-8CEE-B1AB635E3A77}
		{8C1385FA-DAFC-427A-81A1-0DA350A29D82} = {BDEF29B3-D5C6-4889-8CEE-B1AB635E3A77}
	EndGlobalSection
	GlobalSection(ExtensibilityGlobals) = postSolution
		SolutionGuid = {5AE35ABC-AEF3-4AB4-B32A-64BB74DBBDED}
	EndGlobalSection
EndGlobal
